
Microsoft Visual Studio Solution File, Format Version 12.00
# Visual Studio 15
Project("{FAE04EC0-301F-11D3-BF4B-00C04F79EFBC}") = "Assembly-CSharp", "Assembly-CSharp.csproj", "{2E2FDBD8-FC7D-2641-1047-962ED9F92139}"
EndProject
Project("{FAE04EC0-301F-11D3-BF4B-00C04F79EFBC}") = "Assembly-CSharp-firstpass", "Assembly-CSharp-firstpass.csproj", "{3E3E41CB-C529-A4A2-DE21-B8775079FF0A}"
EndProject
Project("{FAE04EC0-301F-11D3-BF4B-00C04F79EFBC}") = "Assembly-CSharp-Editor-firstpass", "Assembly-CSharp-Editor-firstpass.csproj", "{06653167-735B-0DA7-0B69-BD9AC7A3C5FC}"
EndProject
Global
	GlobalSection(SolutionConfigurationPlatforms) = preSolution
		Debug|Any CPU = Debug|Any CPU
		Release|Any CPU = Release|Any CPU
	EndGlobalSection
	GlobalSection(ProjectConfigurationPlatforms) = postSolution
		{2E2FDBD8-FC7D-2641-1047-962ED9F92139}.Debug|Any CPU.ActiveCfg = Debug|Any CPU
		{2E2FDBD8-FC7D-2641-1047-962ED9F92139}.Debug|Any CPU.Build.0 = Debug|Any CPU
		{2E2FDBD8-FC7D-2641-1047-962ED9F92139}.Release|Any CPU.ActiveCfg = Release|Any CPU
		{2E2FDBD8-FC7D-2641-1047-962ED9F92139}.Release|Any CPU.Build.0 = Release|Any CPU
		{3E3E41CB-C529-A4A2-DE21-B8775079FF0A}.Debug|Any CPU.ActiveCfg = Debug|Any CPU
		{3E3E41CB-C529-A4A2-DE21-B8775079FF0A}.Debug|Any CPU.Build.0 = Debug|Any CPU
		{3E3E41CB-C529-A4A2-DE21-B8775079FF0A}.Release|Any CPU.ActiveCfg = Release|Any CPU
		{3E3E41CB-C529-A4A2-DE21-B8775079FF0A}.Release|Any CPU.Build.0 = Release|Any CPU
		{06653167-735B-0DA7-0B69-BD9AC7A3C5FC}.Debug|Any CPU.ActiveCfg = Debug|Any CPU
		{06653167-735B-0DA7-0B69-BD9AC7A3C5FC}.Debug|Any CPU.Build.0 = Debug|Any CPU
		{06653167-735B-0DA7-0B69-BD9AC7A3C5FC}.Release|Any CPU.ActiveCfg = Release|Any CPU
		{06653167-735B-0DA7-0B69-BD9AC7A3C5FC}.Release|Any CPU.Build.0 = Release|Any CPU
	EndGlobalSection
	GlobalSection(SolutionProperties) = preSolution
		HideSolutionNode = FALSE
	EndGlobalSection
EndGlobal
